
Microsoft Visual Studio Solution File, Format Version 12.00
# Visual Studio Version 16
VisualStudioVersion = 16.0.30907.101
MinimumVisualStudioVersion = 10.0.40219.1
Project("{FAE04EC0-301F-11D3-BF4B-00C04F79EFBC}") = "Entities", "Entities\Entities.csproj", "{A6435CB2-2F2E-483E-B2EB-B5CEC15150FA}"
EndProject
Project("{FAE04EC0-301F-11D3-BF4B-00C04F79EFBC}") = "DataAccess", "DataAccess\DataAccess.csproj", "{894ABA08-A106-4489-AD57-B1AE81B6C8F3}"
EndProject
Project("{FAE04EC0-301F-11D3-BF4B-00C04F79EFBC}") = "Business", "Business\Business.csproj", "{35B835EB-A41F-4E00-B8F0-4E7C1E9AE161}"
EndProject
Project("{FAE04EC0-301F-11D3-BF4B-00C04F79EFBC}") = "ConsoleUI", "ConsoleUI\ConsoleUI.csproj", "{0832C5BB-263D-4EAF-9397-BEE725179F94}"
EndProject
Global
	GlobalSection(SolutionConfigurationPlatforms) = preSolution
		Debug|Any CPU = Debug|Any CPU
		Release|Any CPU = Release|Any CPU
	EndGlobalSection
	GlobalSection(ProjectConfigurationPlatforms) = postSolution
		{A6435CB2-2F2E-483E-B2EB-B5CEC15150FA}.Debug|Any CPU.ActiveCfg = Debug|Any CPU
		{A6435CB2-2F2E-483E-B2EB-B5CEC15150FA}.Debug|Any CPU.Build.0 = Debug|Any CPU
		{A6435CB2-2F2E-483E-B2EB-B5CEC15150FA}.Release|Any CPU.ActiveCfg = Release|Any CPU
		{A6435CB2-2F2E-483E-B2EB-B5CEC15150FA}.Release|Any CPU.Build.0 = Release|Any CPU
		{894ABA08-A106-4489-AD57-B1AE81B6C8F3}.Debug|Any CPU.ActiveCfg = Debug|Any CPU
		{894ABA08-A106-4489-AD57-B1AE81B6C8F3}.Debug|Any CPU.Build.0 = Debug|Any CPU
		{894ABA08-A106-4489-AD57-B1AE81B6C8F3}.Release|Any CPU.ActiveCfg = Release|Any CPU
		{894ABA08-A106-4489-AD57-B1AE81B6C8F3}.Release|Any CPU.Build.0 = Release|Any CPU
		{35B835EB-A41F-4E00-B8F0-4E7C1E9AE161}.Debug|Any CPU.ActiveCfg = Debug|Any CPU
		{35B835EB-A41F-4E00-B8F0-4E7C1E9AE161}.Debug|Any CPU.Build.0 = Debug|Any CPU
		{35B835EB-A41F-4E00-B8F0-4E7C1E9AE161}.Release|Any CPU.ActiveCfg = Release|Any CPU
		{35B835EB-A41F-4E00-B8F0-4E7C1E9AE161}.Release|Any CPU.Build.0 = Release|Any CPU
		{0832C5BB-263D-4EAF-9397-BEE725179F94}.Debug|Any CPU.ActiveCfg = Debug|Any CPU
		{0832C5BB-263D-4EAF-9397-BEE725179F94}.Debug|Any CPU.Build.0 = Debug|Any CPU
		{0832C5BB-263D-4EAF-9397-BEE725179F94}.Release|Any CPU.ActiveCfg = Release|Any CPU
		{0832C5BB-263D-4EAF-9397-BEE725179F94}.Release|Any CPU.Build.0 = Release|Any CPU
	EndGlobalSection
	GlobalSection(SolutionProperties) = preSolution
		HideSolutionNode = FALSE
	EndGlobalSection
	GlobalSection(ExtensibilityGlobals) = postSolution
		SolutionGuid = {DF5BA191-25F2-4767-8C7C-F19F700FAECE}
	EndGlobalSection
EndGlobal
